
Microsoft Visual Studio Solution File, Format Version 12.00
# Visual Studio Version 16
VisualStudioVersion = 16.0.28803.202
MinimumVisualStudioVersion = 10.0.40219.1
Project("{FAE04EC0-301F-11D3-BF4B-00C04F79EFBC}") = "CapstonePigLatin", "CapstonePigLatin\CapstonePigLatin.csproj", "{344C0A1C-829D-4747-A6F3-3C8CD3F013BF}"
EndProject
Global
	GlobalSection(SolutionConfigurationPlatforms) = preSolution
		Debug|Any CPU = Debug|Any CPU
		Release|Any CPU = Release|Any CPU
	EndGlobalSection
	GlobalSection(ProjectConfigurationPlatforms) = postSolution
		{344C0A1C-829D-4747-A6F3-3C8CD3F013BF}.Debug|Any CPU.ActiveCfg = Debug|Any CPU
		{344C0A1C-829D-4747-A6F3-3C8CD3F013BF}.Debug|Any CPU.Build.0 = Debug|Any CPU
		{344C0A1C-829D-4747-A6F3-3C8CD3F013BF}.Release|Any CPU.ActiveCfg = Release|Any CPU
		{344C0A1C-829D-4747-A6F3-3C8CD3F013BF}.Release|Any CPU.Build.0 = Release|Any CPU
	EndGlobalSection
	GlobalSection(SolutionProperties) = preSolution
		HideSolutionNode = FALSE
	EndGlobalSection
	GlobalSection(ExtensibilityGlobals) = postSolution
		SolutionGuid = {FF8017CE-0623-49D2-A7C6-BE602A3E9979}
	EndGlobalSection
EndGlobal
